
Microsoft Visual Studio Solution File, Format Version 12.00
# Visual Studio Version 17
VisualStudioVersion = 17.12.35521.163
MinimumVisualStudioVersion = 10.0.40219.1
Project("{2150E333-8FDC-42A3-9474-1A3956D46DE8}") = "IOC", "IOC", "{FD8F28D8-2D21-4112-846B-0CF196AF643C}"
EndProject
Project("{2150E333-8FDC-42A3-9474-1A3956D46DE8}") = "Infraestructure", "Infraestructure", "{558EEF99-648E-4027-880E-0E9BCA6C7257}"
EndProject
Project("{2150E333-8FDC-42A3-9474-1A3956D46DE8}") = "Application", "Application", "{6565503F-9682-4146-BE76-3962B2289B9B}"
EndProject
Project("{2150E333-8FDC-42A3-9474-1A3956D46DE8}") = "Core", "Core", "{16152C48-F976-41BE-9639-EFD4FF632514}"
EndProject
Project("{2150E333-8FDC-42A3-9474-1A3956D46DE8}") = "Test", "Test", "{08762971-9805-469A-B717-ECE56FCF2B41}"
EndProject
Project("{2150E333-8FDC-42A3-9474-1A3956D46DE8}") = "Api", "Api", "{56DCCDC4-AF42-4213-966C-7384182A185B}"
EndProject
Project("{2150E333-8FDC-42A3-9474-1A3956D46DE8}") = "Web", "Web", "{5F354B86-472C-4FC2-849F-061A91DB900D}"
EndProject
Project("{FAE04EC0-301F-11D3-BF4B-00C04F79EFBC}") = "SGHR.Api", "SGHR.Api\SGHR.Api.csproj", "{F39F1A8D-06EA-4637-A5B5-D2859E8752E1}"
EndProject
Project("{FAE04EC0-301F-11D3-BF4B-00C04F79EFBC}") = "SGHR.Application", "SGHR.Application\SGHR.Application.csproj", "{E21C1878-0D45-45ED-880A-598E05326036}"
EndProject
Project("{FAE04EC0-301F-11D3-BF4B-00C04F79EFBC}") = "SGHR.Domain", "SGHR.Domain\SGHR.Domain.csproj", "{2A8FD602-B1F2-4AF8-8601-5012BDD0A1FF}"
EndProject
Project("{FAE04EC0-301F-11D3-BF4B-00C04F79EFBC}") = "SGHR.Persistence", "SGHR.Persistence\SGHR.Persistence.csproj", "{96E3E848-3306-4F11-8E06-D5DD1B3A1F47}"
EndProject
Project("{FAE04EC0-301F-11D3-BF4B-00C04F79EFBC}") = "SGHR.Model", "SGHR.Model\SGHR.Model.csproj", "{FE0A0832-785A-46A4-80AA-422859CE8ED2}"
EndProject
Project("{FAE04EC0-301F-11D3-BF4B-00C04F79EFBC}") = "SGHR.Infraestructure", "SGHR.Infraestructure\SGHR.Infraestructure.csproj", "{349CB8F5-6263-41CF-A884-8CD16BF061E1}"
EndProject
Project("{FAE04EC0-301F-11D3-BF4B-00C04F79EFBC}") = "SGHR.IOC", "SGHR.IOC\SGHR.IOC.csproj", "{14AD535B-22F7-4B81-97AA-4CA82B9DAF3B}"
EndProject
Project("{FAE04EC0-301F-11D3-BF4B-00C04F79EFBC}") = "SGHR.Web", "SGHR.Web\SGHR.Web.csproj", "{219D9C97-FA01-4BD9-8029-AA625CB0BF65}"
EndProject
Project("{FAE04EC0-301F-11D3-BF4B-00C04F79EFBC}") = "SGHR.Application.Test", "SGHR.Application.Test\SGHR.Application.Test.csproj", "{6B123CF4-43BD-40EF-9A25-9D465443E938}"
EndProject
Project("{FAE04EC0-301F-11D3-BF4B-00C04F79EFBC}") = "SGHR.Persistence.Test", "SGHR.Persistence.Test\SGHR.Persistence.Test.csproj", "{CDEA5073-AA90-4593-BECB-214BA9A429F0}"
EndProject
Global
	GlobalSection(SolutionConfigurationPlatforms) = preSolution
		Debug|Any CPU = Debug|Any CPU
		Release|Any CPU = Release|Any CPU
	EndGlobalSection
	GlobalSection(ProjectConfigurationPlatforms) = postSolution
		{F39F1A8D-06EA-4637-A5B5-D2859E8752E1}.Debug|Any CPU.ActiveCfg = Debug|Any CPU
		{F39F1A8D-06EA-4637-A5B5-D2859E8752E1}.Debug|Any CPU.Build.0 = Debug|Any CPU
		{F39F1A8D-06EA-4637-A5B5-D2859E8752E1}.Release|Any CPU.ActiveCfg = Release|Any CPU
		{F39F1A8D-06EA-4637-A5B5-D2859E8752E1}.Release|Any CPU.Build.0 = Release|Any CPU
		{E21C1878-0D45-45ED-880A-598E05326036}.Debug|Any CPU.ActiveCfg = Debug|Any CPU
		{E21C1878-0D45-45ED-880A-598E05326036}.Debug|Any CPU.Build.0 = Debug|Any CPU
		{E21C1878-0D45-45ED-880A-598E05326036}.Release|Any CPU.ActiveCfg = Release|Any CPU
		{E21C1878-0D45-45ED-880A-598E05326036}.Release|Any CPU.Build.0 = Release|Any CPU
		{2A8FD602-B1F2-4AF8-8601-5012BDD0A1FF}.Debug|Any CPU.ActiveCfg = Debug|Any CPU
		{2A8FD602-B1F2-4AF8-8601-5012BDD0A1FF}.Debug|Any CPU.Build.0 = Debug|Any CPU
		{2A8FD602-B1F2-4AF8-8601-5012BDD0A1FF}.Release|Any CPU.ActiveCfg = Release|Any CPU
		{2A8FD602-B1F2-4AF8-8601-5012BDD0A1FF}.Release|Any CPU.Build.0 = Release|Any CPU
		{96E3E848-3306-4F11-8E06-D5DD1B3A1F47}.Debug|Any CPU.ActiveCfg = Debug|Any CPU
		{96E3E848-3306-4F11-8E06-D5DD1B3A1F47}.Debug|Any CPU.Build.0 = Debug|Any CPU
		{96E3E848-3306-4F11-8E06-D5DD1B3A1F47}.Release|Any CPU.ActiveCfg = Release|Any CPU
		{96E3E848-3306-4F11-8E06-D5DD1B3A1F47}.Release|Any CPU.Build.0 = Release|Any CPU
		{FE0A0832-785A-46A4-80AA-422859CE8ED2}.Debug|Any CPU.ActiveCfg = Debug|Any CPU
		{FE0A0832-785A-46A4-80AA-422859CE8ED2}.Debug|Any CPU.Build.0 = Debug|Any CPU
		{FE0A0832-785A-46A4-80AA-422859CE8ED2}.Release|Any CPU.ActiveCfg = Release|Any CPU
		{FE0A0832-785A-46A4-80AA-422859CE8ED2}.Release|Any CPU.Build.0 = Release|Any CPU
		{349CB8F5-6263-41CF-A884-8CD16BF061E1}.Debug|Any CPU.ActiveCfg = Debug|Any CPU
		{349CB8F5-6263-41CF-A884-8CD16BF061E1}.Debug|Any CPU.Build.0 = Debug|Any CPU
		{349CB8F5-6263-41CF-A884-8CD16BF061E1}.Release|Any CPU.ActiveCfg = Release|Any CPU
		{349CB8F5-6263-41CF-A884-8CD16BF061E1}.Release|Any CPU.Build.0 = Release|Any CPU
		{14AD535B-22F7-4B81-97AA-4CA82B9DAF3B}.Debug|Any CPU.ActiveCfg = Debug|Any CPU
		{14AD535B-22F7-4B81-97AA-4CA82B9DAF3B}.Debug|Any CPU.Build.0 = Debug|Any CPU
		{14AD535B-22F7-4B81-97AA-4CA82B9DAF3B}.Release|Any CPU.ActiveCfg = Release|Any CPU
		{14AD535B-22F7-4B81-97AA-4CA82B9DAF3B}.Release|Any CPU.Build.0 = Release|Any CPU
		{219D9C97-FA01-4BD9-8029-AA625CB0BF65}.Debug|Any CPU.ActiveCfg = Debug|Any CPU
		{219D9C97-FA01-4BD9-8029-AA625CB0BF65}.Debug|Any CPU.Build.0 = Debug|Any CPU
		{219D9C97-FA01-4BD9-8029-AA625CB0BF65}.Release|Any CPU.ActiveCfg = Release|Any CPU
		{219D9C97-FA01-4BD9-8029-AA625CB0BF65}.Release|Any CPU.Build.0 = Release|Any CPU
		{6B123CF4-43BD-40EF-9A25-9D465443E938}.Debug|Any CPU.ActiveCfg = Debug|Any CPU
		{6B123CF4-43BD-40EF-9A25-9D465443E938}.Debug|Any CPU.Build.0 = Debug|Any CPU
		{6B123CF4-43BD-40EF-9A25-9D465443E938}.Release|Any CPU.ActiveCfg = Release|Any CPU
		{6B123CF4-43BD-40EF-9A25-9D465443E938}.Release|Any CPU.Build.0 = Release|Any CPU
		{CDEA5073-AA90-4593-BECB-214BA9A429F0}.Debug|Any CPU.ActiveCfg = Debug|Any CPU
		{CDEA5073-AA90-4593-BECB-214BA9A429F0}.Debug|Any CPU.Build.0 = Debug|Any CPU
		{CDEA5073-AA90-4593-BECB-214BA9A429F0}.Release|Any CPU.ActiveCfg = Release|Any CPU
		{CDEA5073-AA90-4593-BECB-214BA9A429F0}.Release|Any CPU.Build.0 = Release|Any CPU
	EndGlobalSection
	GlobalSection(SolutionProperties) = preSolution
		HideSolutionNode = FALSE
	EndGlobalSection
	GlobalSection(NestedProjects) = preSolution
		{F39F1A8D-06EA-4637-A5B5-D2859E8752E1} = {56DCCDC4-AF42-4213-966C-7384182A185B}
		{E21C1878-0D45-45ED-880A-598E05326036} = {6565503F-9682-4146-BE76-3962B2289B9B}
		{2A8FD602-B1F2-4AF8-8601-5012BDD0A1FF} = {16152C48-F976-41BE-9639-EFD4FF632514}
		{96E3E848-3306-4F11-8E06-D5DD1B3A1F47} = {558EEF99-648E-4027-880E-0E9BCA6C7257}
		{FE0A0832-785A-46A4-80AA-422859CE8ED2} = {16152C48-F976-41BE-9639-EFD4FF632514}
		{349CB8F5-6263-41CF-A884-8CD16BF061E1} = {558EEF99-648E-4027-880E-0E9BCA6C7257}
		{14AD535B-22F7-4B81-97AA-4CA82B9DAF3B} = {FD8F28D8-2D21-4112-846B-0CF196AF643C}
		{219D9C97-FA01-4BD9-8029-AA625CB0BF65} = {5F354B86-472C-4FC2-849F-061A91DB900D}
		{6B123CF4-43BD-40EF-9A25-9D465443E938} = {08762971-9805-469A-B717-ECE56FCF2B41}
		{CDEA5073-AA90-4593-BECB-214BA9A429F0} = {08762971-9805-469A-B717-ECE56FCF2B41}
	EndGlobalSection
	GlobalSection(ExtensibilityGlobals) = postSolution
		SolutionGuid = {7F82880D-282B-48E8-85E3-62CF3D664EA1}
	EndGlobalSection
EndGlobal
